
Microsoft Visual Studio Solution File, Format Version 12.00
# Visual Studio Version 17
VisualStudioVersion = 17.5.33530.505
MinimumVisualStudioVersion = 10.0.40219.1
Project("{9A19103F-16F7-4668-BE54-9A1E7A4F7556}") = "CutTime.Domain", "CutTime.Domain\CutTime.Domain.csproj", "{001B940E-BCFD-4730-BE16-6BF52715A339}"
EndProject
Project("{9A19103F-16F7-4668-BE54-9A1E7A4F7556}") = "CutTime.Infrastructure", "CutTime.Infrastructure\CutTime.Infrastructure.csproj", "{467966F3-A607-445E-9740-A8B089EA4EB1}"
EndProject
Project("{FAE04EC0-301F-11D3-BF4B-00C04F79EFBC}") = "CutTime.Web", "CutTime.Web\CutTime.Web.csproj", "{FCB38CD8-6E2C-486F-9B23-4A0ED737CBD6}"
EndProject
Global
	GlobalSection(SolutionConfigurationPlatforms) = preSolution
		Debug|Any CPU = Debug|Any CPU
		Release|Any CPU = Release|Any CPU
	EndGlobalSection
	GlobalSection(ProjectConfigurationPlatforms) = postSolution
		{001B940E-BCFD-4730-BE16-6BF52715A339}.Debug|Any CPU.ActiveCfg = Debug|Any CPU
		{001B940E-BCFD-4730-BE16-6BF52715A339}.Debug|Any CPU.Build.0 = Debug|Any CPU
		{001B940E-BCFD-4730-BE16-6BF52715A339}.Release|Any CPU.ActiveCfg = Release|Any CPU
		{001B940E-BCFD-4730-BE16-6BF52715A339}.Release|Any CPU.Build.0 = Release|Any CPU
		{467966F3-A607-445E-9740-A8B089EA4EB1}.Debug|Any CPU.ActiveCfg = Debug|Any CPU
		{467966F3-A607-445E-9740-A8B089EA4EB1}.Debug|Any CPU.Build.0 = Debug|Any CPU
		{467966F3-A607-445E-9740-A8B089EA4EB1}.Release|Any CPU.ActiveCfg = Release|Any CPU
		{467966F3-A607-445E-9740-A8B089EA4EB1}.Release|Any CPU.Build.0 = Release|Any CPU
		{FCB38CD8-6E2C-486F-9B23-4A0ED737CBD6}.Debug|Any CPU.ActiveCfg = Debug|Any CPU
		{FCB38CD8-6E2C-486F-9B23-4A0ED737CBD6}.Debug|Any CPU.Build.0 = Debug|Any CPU
		{FCB38CD8-6E2C-486F-9B23-4A0ED737CBD6}.Release|Any CPU.ActiveCfg = Release|Any CPU
		{FCB38CD8-6E2C-486F-9B23-4A0ED737CBD6}.Release|Any CPU.Build.0 = Release|Any CPU
	EndGlobalSection
	GlobalSection(SolutionProperties) = preSolution
		HideSolutionNode = FALSE
	EndGlobalSection
	GlobalSection(ExtensibilityGlobals) = postSolution
		SolutionGuid = {5287BD92-C2E6-4996-BBF7-C43E7193DEA1}
	EndGlobalSection
EndGlobal
